
Microsoft Visual Studio Solution File, Format Version 12.00
# Visual Studio 14
VisualStudioVersion = 14.0.25420.1
MinimumVisualStudioVersion = 10.0.40219.1
Project("{2150E333-8FDC-42A3-9474-1A3956D46DE8}") = "1 - User Interface Layer", "1 - User Interface Layer", "{1772678F-094E-4C55-BE08-AC906BC85A0C}"
EndProject
Project("{2150E333-8FDC-42A3-9474-1A3956D46DE8}") = "2 - Application Layer", "2 - Application Layer", "{80ED814B-8C9D-4DC6-875A-B0C611284E2F}"
EndProject
Project("{2150E333-8FDC-42A3-9474-1A3956D46DE8}") = "3 - Domain Layer", "3 - Domain Layer", "{5BC9576F-7FA5-4DB2-BF63-B2A2C19AE780}"
EndProject
Project("{2150E333-8FDC-42A3-9474-1A3956D46DE8}") = "4 - Infrastructure Layer", "4 - Infrastructure Layer", "{594A3540-2A97-4D16-9146-09AB60706B0A}"
EndProject
Project("{2150E333-8FDC-42A3-9474-1A3956D46DE8}") = "5 - Tests", "5 - Tests", "{A76FC6BD-87BF-409F-9E08-E76F0E9E7919}"
EndProject
Project("{2150E333-8FDC-42A3-9474-1A3956D46DE8}") = "5.1 - Unit tests", "5.1 - Unit tests", "{94F8A89A-1C8D-4D5D-9843-975D34B94985}"
EndProject
Project("{2150E333-8FDC-42A3-9474-1A3956D46DE8}") = "5.2 - Integration tests", "5.2 - Integration tests", "{7E471457-4E96-4B47-AB60-0DD532F1104A}"
EndProject
Project("{2150E333-8FDC-42A3-9474-1A3956D46DE8}") = "5.3 - Load tests", "5.3 - Load tests", "{4850E895-AC8A-431F-B486-19B9AC4D97BF}"
EndProject
Project("{FAE04EC0-301F-11D3-BF4B-00C04F79EFBC}") = "XXX.Infrastructure.DataAccess", "XXX.Infrastucture.DataAccess\XXX.Infrastructure.DataAccess.csproj", "{CF28E0B2-69E5-4094-8C35-24E539E744E9}"
EndProject
Project("{FAE04EC0-301F-11D3-BF4B-00C04F79EFBC}") = "XXX.Domain", "XXX.Domain\XXX.Domain.csproj", "{C11EDCF3-5114-4340-A9DD-B4CB25EE5953}"
EndProject
Project("{FAE04EC0-301F-11D3-BF4B-00C04F79EFBC}") = "XXX.Models", "XXX.Models\XXX.Models.csproj", "{8CA3C4FC-C208-46DA-860D-5E62B71EBBD9}"
EndProject
Project("{FAE04EC0-301F-11D3-BF4B-00C04F79EFBC}") = "XXX.Infrastructure.Diagnostics", "XXX.Infrastructure.Diagnostics\XXX.Infrastructure.Diagnostics.csproj", "{847DF0CC-0D14-4C1E-987A-A50B6C2D4A6E}"
EndProject
Project("{FAE04EC0-301F-11D3-BF4B-00C04F79EFBC}") = "XXX.Infrastructure.Security", "XXX.Infrastructure.Security\XXX.Infrastructure.Security.csproj", "{7BD27070-18A9-460E-8C2E-1B21D198D7AE}"
EndProject
Project("{FAE04EC0-301F-11D3-BF4B-00C04F79EFBC}") = "XXX.Repositories", "XXX.Repositories\XXX.Repositories.csproj", "{909AFE77-D42C-43FC-A9E1-42E7D81C9870}"
EndProject
Project("{FAE04EC0-301F-11D3-BF4B-00C04F79EFBC}") = "XXX.Providers", "XXX.Providers\XXX.Providers.csproj", "{8F409410-EDB1-4F1B-ADA8-8B4221873F12}"
EndProject
Project("{FAE04EC0-301F-11D3-BF4B-00C04F79EFBC}") = "XXX.Factories", "XXX.Factories\XXX.Factories.csproj", "{4DAD7CF9-0A42-4F13-AC30-D10294B717D9}"
EndProject
Global
	GlobalSection(SolutionConfigurationPlatforms) = preSolution
		Debug|Android = Debug|Android
		Debug|Any CPU = Debug|Any CPU
		Debug|iOS = Debug|iOS
		Debug|Windows Phone (Universal) = Debug|Windows Phone (Universal)
		Debug|Windows Phone 8 = Debug|Windows Phone 8
		Debug|Windows-AnyCPU = Debug|Windows-AnyCPU
		Debug|Windows-ARM = Debug|Windows-ARM
		Debug|Windows-x64 = Debug|Windows-x64
		Debug|Windows-x86 = Debug|Windows-x86
		Release|Android = Release|Android
		Release|Any CPU = Release|Any CPU
		Release|iOS = Release|iOS
		Release|Windows Phone (Universal) = Release|Windows Phone (Universal)
		Release|Windows Phone 8 = Release|Windows Phone 8
		Release|Windows-AnyCPU = Release|Windows-AnyCPU
		Release|Windows-ARM = Release|Windows-ARM
		Release|Windows-x64 = Release|Windows-x64
		Release|Windows-x86 = Release|Windows-x86
	EndGlobalSection
	GlobalSection(ProjectConfigurationPlatforms) = postSolution
		{CF28E0B2-69E5-4094-8C35-24E539E744E9}.Debug|Android.ActiveCfg = Debug|Any CPU
		{CF28E0B2-69E5-4094-8C35-24E539E744E9}.Debug|Android.Build.0 = Debug|Any CPU
		{CF28E0B2-69E5-4094-8C35-24E539E744E9}.Debug|Any CPU.ActiveCfg = Debug|Any CPU
		{CF28E0B2-69E5-4094-8C35-24E539E744E9}.Debug|Any CPU.Build.0 = Debug|Any CPU
		{CF28E0B2-69E5-4094-8C35-24E539E744E9}.Debug|iOS.ActiveCfg = Debug|Any CPU
		{CF28E0B2-69E5-4094-8C35-24E539E744E9}.Debug|iOS.Build.0 = Debug|Any CPU
		{CF28E0B2-69E5-4094-8C35-24E539E744E9}.Debug|Windows Phone (Universal).ActiveCfg = Debug|Any CPU
		{CF28E0B2-69E5-4094-8C35-24E539E744E9}.Debug|Windows Phone (Universal).Build.0 = Debug|Any CPU
		{CF28E0B2-69E5-4094-8C35-24E539E744E9}.Debug|Windows Phone 8.ActiveCfg = Debug|Any CPU
		{CF28E0B2-69E5-4094-8C35-24E539E744E9}.Debug|Windows Phone 8.Build.0 = Debug|Any CPU
		{CF28E0B2-69E5-4094-8C35-24E539E744E9}.Debug|Windows-AnyCPU.ActiveCfg = Debug|Any CPU
		{CF28E0B2-69E5-4094-8C35-24E539E744E9}.Debug|Windows-AnyCPU.Build.0 = Debug|Any CPU
		{CF28E0B2-69E5-4094-8C35-24E539E744E9}.Debug|Windows-ARM.ActiveCfg = Debug|Any CPU
		{CF28E0B2-69E5-4094-8C35-24E539E744E9}.Debug|Windows-ARM.Build.0 = Debug|Any CPU
		{CF28E0B2-69E5-4094-8C35-24E539E744E9}.Debug|Windows-x64.ActiveCfg = Debug|Any CPU
		{CF28E0B2-69E5-4094-8C35-24E539E744E9}.Debug|Windows-x64.Build.0 = Debug|Any CPU
		{CF28E0B2-69E5-4094-8C35-24E539E744E9}.Debug|Windows-x86.ActiveCfg = Debug|Any CPU
		{CF28E0B2-69E5-4094-8C35-24E539E744E9}.Debug|Windows-x86.Build.0 = Debug|Any CPU
		{CF28E0B2-69E5-4094-8C35-24E539E744E9}.Release|Android.ActiveCfg = Release|Any CPU
		{CF28E0B2-69E5-4094-8C35-24E539E744E9}.Release|Android.Build.0 = Release|Any CPU
		{CF28E0B2-69E5-4094-8C35-24E539E744E9}.Release|Any CPU.ActiveCfg = Release|Any CPU
		{CF28E0B2-69E5-4094-8C35-24E539E744E9}.Release|Any CPU.Build.0 = Release|Any CPU
		{CF28E0B2-69E5-4094-8C35-24E539E744E9}.Release|iOS.ActiveCfg = Release|Any CPU
		{CF28E0B2-69E5-4094-8C35-24E539E744E9}.Release|iOS.Build.0 = Release|Any CPU
		{CF28E0B2-69E5-4094-8C35-24E539E744E9}.Release|Windows Phone (Universal).ActiveCfg = Release|Any CPU
		{CF28E0B2-69E5-4094-8C35-24E539E744E9}.Release|Windows Phone (Universal).Build.0 = Release|Any CPU
		{CF28E0B2-69E5-4094-8C35-24E539E744E9}.Release|Windows Phone 8.ActiveCfg = Release|Any CPU
		{CF28E0B2-69E5-4094-8C35-24E539E744E9}.Release|Windows Phone 8.Build.0 = Release|Any CPU
		{CF28E0B2-69E5-4094-8C35-24E539E744E9}.Release|Windows-AnyCPU.ActiveCfg = Release|Any CPU
		{CF28E0B2-69E5-4094-8C35-24E539E744E9}.Release|Windows-AnyCPU.Build.0 = Release|Any CPU
		{CF28E0B2-69E5-4094-8C35-24E539E744E9}.Release|Windows-ARM.ActiveCfg = Release|Any CPU
		{CF28E0B2-69E5-4094-8C35-24E539E744E9}.Release|Windows-ARM.Build.0 = Release|Any CPU
		{CF28E0B2-69E5-4094-8C35-24E539E744E9}.Release|Windows-x64.ActiveCfg = Release|Any CPU
		{CF28E0B2-69E5-4094-8C35-24E539E744E9}.Release|Windows-x64.Build.0 = Release|Any CPU
		{CF28E0B2-69E5-4094-8C35-24E539E744E9}.Release|Windows-x86.ActiveCfg = Release|Any CPU
		{CF28E0B2-69E5-4094-8C35-24E539E744E9}.Release|Windows-x86.Build.0 = Release|Any CPU
		{C11EDCF3-5114-4340-A9DD-B4CB25EE5953}.Debug|Android.ActiveCfg = Debug|Any CPU
		{C11EDCF3-5114-4340-A9DD-B4CB25EE5953}.Debug|Android.Build.0 = Debug|Any CPU
		{C11EDCF3-5114-4340-A9DD-B4CB25EE5953}.Debug|Any CPU.ActiveCfg = Debug|Any CPU
		{C11EDCF3-5114-4340-A9DD-B4CB25EE5953}.Debug|Any CPU.Build.0 = Debug|Any CPU
		{C11EDCF3-5114-4340-A9DD-B4CB25EE5953}.Debug|iOS.ActiveCfg = Debug|Any CPU
		{C11EDCF3-5114-4340-A9DD-B4CB25EE5953}.Debug|iOS.Build.0 = Debug|Any CPU
		{C11EDCF3-5114-4340-A9DD-B4CB25EE5953}.Debug|Windows Phone (Universal).ActiveCfg = Debug|Any CPU
		{C11EDCF3-5114-4340-A9DD-B4CB25EE5953}.Debug|Windows Phone (Universal).Build.0 = Debug|Any CPU
		{C11EDCF3-5114-4340-A9DD-B4CB25EE5953}.Debug|Windows Phone 8.ActiveCfg = Debug|Any CPU
		{C11EDCF3-5114-4340-A9DD-B4CB25EE5953}.Debug|Windows Phone 8.Build.0 = Debug|Any CPU
		{C11EDCF3-5114-4340-A9DD-B4CB25EE5953}.Debug|Windows-AnyCPU.ActiveCfg = Debug|Any CPU
		{C11EDCF3-5114-4340-A9DD-B4CB25EE5953}.Debug|Windows-AnyCPU.Build.0 = Debug|Any CPU
		{C11EDCF3-5114-4340-A9DD-B4CB25EE5953}.Debug|Windows-ARM.ActiveCfg = Debug|Any CPU
		{C11EDCF3-5114-4340-A9DD-B4CB25EE5953}.Debug|Windows-ARM.Build.0 = Debug|Any CPU
		{C11EDCF3-5114-4340-A9DD-B4CB25EE5953}.Debug|Windows-x64.ActiveCfg = Debug|Any CPU
		{C11EDCF3-5114-4340-A9DD-B4CB25EE5953}.Debug|Windows-x64.Build.0 = Debug|Any CPU
		{C11EDCF3-5114-4340-A9DD-B4CB25EE5953}.Debug|Windows-x86.ActiveCfg = Debug|Any CPU
		{C11EDCF3-5114-4340-A9DD-B4CB25EE5953}.Debug|Windows-x86.Build.0 = Debug|Any CPU
		{C11EDCF3-5114-4340-A9DD-B4CB25EE5953}.Release|Android.ActiveCfg = Release|Any CPU
		{C11EDCF3-5114-4340-A9DD-B4CB25EE5953}.Release|Android.Build.0 = Release|Any CPU
		{C11EDCF3-5114-4340-A9DD-B4CB25EE5953}.Release|Any CPU.ActiveCfg = Release|Any CPU
		{C11EDCF3-5114-4340-A9DD-B4CB25EE5953}.Release|Any CPU.Build.0 = Release|Any CPU
		{C11EDCF3-5114-4340-A9DD-B4CB25EE5953}.Release|iOS.ActiveCfg = Release|Any CPU
		{C11EDCF3-5114-4340-A9DD-B4CB25EE5953}.Release|iOS.Build.0 = Release|Any CPU
		{C11EDCF3-5114-4340-A9DD-B4CB25EE5953}.Release|Windows Phone (Universal).ActiveCfg = Release|Any CPU
		{C11EDCF3-5114-4340-A9DD-B4CB25EE5953}.Release|Windows Phone (Universal).Build.0 = Release|Any CPU
		{C11EDCF3-5114-4340-A9DD-B4CB25EE5953}.Release|Windows Phone 8.ActiveCfg = Release|Any CPU
		{C11EDCF3-5114-4340-A9DD-B4CB25EE5953}.Release|Windows Phone 8.Build.0 = Release|Any CPU
		{C11EDCF3-5114-4340-A9DD-B4CB25EE5953}.Release|Windows-AnyCPU.ActiveCfg = Release|Any CPU
		{C11EDCF3-5114-4340-A9DD-B4CB25EE5953}.Release|Windows-AnyCPU.Build.0 = Release|Any CPU
		{C11EDCF3-5114-4340-A9DD-B4CB25EE5953}.Release|Windows-ARM.ActiveCfg = Release|Any CPU
		{C11EDCF3-5114-4340-A9DD-B4CB25EE5953}.Release|Windows-ARM.Build.0 = Release|Any CPU
		{C11EDCF3-5114-4340-A9DD-B4CB25EE5953}.Release|Windows-x64.ActiveCfg = Release|Any CPU
		{C11EDCF3-5114-4340-A9DD-B4CB25EE5953}.Release|Windows-x64.Build.0 = Release|Any CPU
		{C11EDCF3-5114-4340-A9DD-B4CB25EE5953}.Release|Windows-x86.ActiveCfg = Release|Any CPU
		{C11EDCF3-5114-4340-A9DD-B4CB25EE5953}.Release|Windows-x86.Build.0 = Release|Any CPU
		{8CA3C4FC-C208-46DA-860D-5E62B71EBBD9}.Debug|Android.ActiveCfg = Debug|Any CPU
		{8CA3C4FC-C208-46DA-860D-5E62B71EBBD9}.Debug|Android.Build.0 = Debug|Any CPU
		{8CA3C4FC-C208-46DA-860D-5E62B71EBBD9}.Debug|Any CPU.ActiveCfg = Debug|Any CPU
		{8CA3C4FC-C208-46DA-860D-5E62B71EBBD9}.Debug|Any CPU.Build.0 = Debug|Any CPU
		{8CA3C4FC-C208-46DA-860D-5E62B71EBBD9}.Debug|iOS.ActiveCfg = Debug|Any CPU
		{8CA3C4FC-C208-46DA-860D-5E62B71EBBD9}.Debug|iOS.Build.0 = Debug|Any CPU
		{8CA3C4FC-C208-46DA-860D-5E62B71EBBD9}.Debug|Windows Phone (Universal).ActiveCfg = Debug|Any CPU
		{8CA3C4FC-C208-46DA-860D-5E62B71EBBD9}.Debug|Windows Phone (Universal).Build.0 = Debug|Any CPU
		{8CA3C4FC-C208-46DA-860D-5E62B71EBBD9}.Debug|Windows Phone 8.ActiveCfg = Debug|Any CPU
		{8CA3C4FC-C208-46DA-860D-5E62B71EBBD9}.Debug|Windows Phone 8.Build.0 = Debug|Any CPU
		{8CA3C4FC-C208-46DA-860D-5E62B71EBBD9}.Debug|Windows-AnyCPU.ActiveCfg = Debug|Any CPU
		{8CA3C4FC-C208-46DA-860D-5E62B71EBBD9}.Debug|Windows-AnyCPU.Build.0 = Debug|Any CPU
		{8CA3C4FC-C208-46DA-860D-5E62B71EBBD9}.Debug|Windows-ARM.ActiveCfg = Debug|Any CPU
		{8CA3C4FC-C208-46DA-860D-5E62B71EBBD9}.Debug|Windows-ARM.Build.0 = Debug|Any CPU
		{8CA3C4FC-C208-46DA-860D-5E62B71EBBD9}.Debug|Windows-x64.ActiveCfg = Debug|Any CPU
		{8CA3C4FC-C208-46DA-860D-5E62B71EBBD9}.Debug|Windows-x64.Build.0 = Debug|Any CPU
		{8CA3C4FC-C208-46DA-860D-5E62B71EBBD9}.Debug|Windows-x86.ActiveCfg = Debug|Any CPU
		{8CA3C4FC-C208-46DA-860D-5E62B71EBBD9}.Debug|Windows-x86.Build.0 = Debug|Any CPU
		{8CA3C4FC-C208-46DA-860D-5E62B71EBBD9}.Release|Android.ActiveCfg = Release|Any CPU
		{8CA3C4FC-C208-46DA-860D-5E62B71EBBD9}.Release|Android.Build.0 = Release|Any CPU
		{8CA3C4FC-C208-46DA-860D-5E62B71EBBD9}.Release|Any CPU.ActiveCfg = Release|Any CPU
		{8CA3C4FC-C208-46DA-860D-5E62B71EBBD9}.Release|Any CPU.Build.0 = Release|Any CPU
		{8CA3C4FC-C208-46DA-860D-5E62B71EBBD9}.Release|iOS.ActiveCfg = Release|Any CPU
		{8CA3C4FC-C208-46DA-860D-5E62B71EBBD9}.Release|iOS.Build.0 = Release|Any CPU
		{8CA3C4FC-C208-46DA-860D-5E62B71EBBD9}.Release|Windows Phone (Universal).ActiveCfg = Release|Any CPU
		{8CA3C4FC-C208-46DA-860D-5E62B71EBBD9}.Release|Windows Phone (Universal).Build.0 = Release|Any CPU
		{8CA3C4FC-C208-46DA-860D-5E62B71EBBD9}.Release|Windows Phone 8.ActiveCfg = Release|Any CPU
		{8CA3C4FC-C208-46DA-860D-5E62B71EBBD9}.Release|Windows Phone 8.Build.0 = Release|Any CPU
		{8CA3C4FC-C208-46DA-860D-5E62B71EBBD9}.Release|Windows-AnyCPU.ActiveCfg = Release|Any CPU
		{8CA3C4FC-C208-46DA-860D-5E62B71EBBD9}.Release|Windows-AnyCPU.Build.0 = Release|Any CPU
		{8CA3C4FC-C208-46DA-860D-5E62B71EBBD9}.Release|Windows-ARM.ActiveCfg = Release|Any CPU
		{8CA3C4FC-C208-46DA-860D-5E62B71EBBD9}.Release|Windows-ARM.Build.0 = Release|Any CPU
		{8CA3C4FC-C208-46DA-860D-5E62B71EBBD9}.Release|Windows-x64.ActiveCfg = Release|Any CPU
		{8CA3C4FC-C208-46DA-860D-5E62B71EBBD9}.Release|Windows-x64.Build.0 = Release|Any CPU
		{8CA3C4FC-C208-46DA-860D-5E62B71EBBD9}.Release|Windows-x86.ActiveCfg = Release|Any CPU
		{8CA3C4FC-C208-46DA-860D-5E62B71EBBD9}.Release|Windows-x86.Build.0 = Release|Any CPU
		{847DF0CC-0D14-4C1E-987A-A50B6C2D4A6E}.Debug|Android.ActiveCfg = Debug|Any CPU
		{847DF0CC-0D14-4C1E-987A-A50B6C2D4A6E}.Debug|Android.Build.0 = Debug|Any CPU
		{847DF0CC-0D14-4C1E-987A-A50B6C2D4A6E}.Debug|Any CPU.ActiveCfg = Debug|Any CPU
		{847DF0CC-0D14-4C1E-987A-A50B6C2D4A6E}.Debug|Any CPU.Build.0 = Debug|Any CPU
		{847DF0CC-0D14-4C1E-987A-A50B6C2D4A6E}.Debug|iOS.ActiveCfg = Debug|Any CPU
		{847DF0CC-0D14-4C1E-987A-A50B6C2D4A6E}.Debug|iOS.Build.0 = Debug|Any CPU
		{847DF0CC-0D14-4C1E-987A-A50B6C2D4A6E}.Debug|Windows Phone (Universal).ActiveCfg = Debug|Any CPU
		{847DF0CC-0D14-4C1E-987A-A50B6C2D4A6E}.Debug|Windows Phone (Universal).Build.0 = Debug|Any CPU
		{847DF0CC-0D14-4C1E-987A-A50B6C2D4A6E}.Debug|Windows Phone 8.ActiveCfg = Debug|Any CPU
		{847DF0CC-0D14-4C1E-987A-A50B6C2D4A6E}.Debug|Windows Phone 8.Build.0 = Debug|Any CPU
		{847DF0CC-0D14-4C1E-987A-A50B6C2D4A6E}.Debug|Windows-AnyCPU.ActiveCfg = Debug|Any CPU
		{847DF0CC-0D14-4C1E-987A-A50B6C2D4A6E}.Debug|Windows-AnyCPU.Build.0 = Debug|Any CPU
		{847DF0CC-0D14-4C1E-987A-A50B6C2D4A6E}.Debug|Windows-ARM.ActiveCfg = Debug|Any CPU
		{847DF0CC-0D14-4C1E-987A-A50B6C2D4A6E}.Debug|Windows-ARM.Build.0 = Debug|Any CPU
		{847DF0CC-0D14-4C1E-987A-A50B6C2D4A6E}.Debug|Windows-x64.ActiveCfg = Debug|Any CPU
		{847DF0CC-0D14-4C1E-987A-A50B6C2D4A6E}.Debug|Windows-x64.Build.0 = Debug|Any CPU
		{847DF0CC-0D14-4C1E-987A-A50B6C2D4A6E}.Debug|Windows-x86.ActiveCfg = Debug|Any CPU
		{847DF0CC-0D14-4C1E-987A-A50B6C2D4A6E}.Debug|Windows-x86.Build.0 = Debug|Any CPU
		{847DF0CC-0D14-4C1E-987A-A50B6C2D4A6E}.Release|Android.ActiveCfg = Release|Any CPU
		{847DF0CC-0D14-4C1E-987A-A50B6C2D4A6E}.Release|Android.Build.0 = Release|Any CPU
		{847DF0CC-0D14-4C1E-987A-A50B6C2D4A6E}.Release|Any CPU.ActiveCfg = Release|Any CPU
		{847DF0CC-0D14-4C1E-987A-A50B6C2D4A6E}.Release|Any CPU.Build.0 = Release|Any CPU
		{847DF0CC-0D14-4C1E-987A-A50B6C2D4A6E}.Release|iOS.ActiveCfg = Release|Any CPU
		{847DF0CC-0D14-4C1E-987A-A50B6C2D4A6E}.Release|iOS.Build.0 = Release|Any CPU
		{847DF0CC-0D14-4C1E-987A-A50B6C2D4A6E}.Release|Windows Phone (Universal).ActiveCfg = Release|Any CPU
		{847DF0CC-0D14-4C1E-987A-A50B6C2D4A6E}.Release|Windows Phone (Universal).Build.0 = Release|Any CPU
		{847DF0CC-0D14-4C1E-987A-A50B6C2D4A6E}.Release|Windows Phone 8.ActiveCfg = Release|Any CPU
		{847DF0CC-0D14-4C1E-987A-A50B6C2D4A6E}.Release|Windows Phone 8.Build.0 = Release|Any CPU
		{847DF0CC-0D14-4C1E-987A-A50B6C2D4A6E}.Release|Windows-AnyCPU.ActiveCfg = Release|Any CPU
		{847DF0CC-0D14-4C1E-987A-A50B6C2D4A6E}.Release|Windows-AnyCPU.Build.0 = Release|Any CPU
		{847DF0CC-0D14-4C1E-987A-A50B6C2D4A6E}.Release|Windows-ARM.ActiveCfg = Release|Any CPU
		{847DF0CC-0D14-4C1E-987A-A50B6C2D4A6E}.Release|Windows-ARM.Build.0 = Release|Any CPU
		{847DF0CC-0D14-4C1E-987A-A50B6C2D4A6E}.Release|Windows-x64.ActiveCfg = Release|Any CPU
		{847DF0CC-0D14-4C1E-987A-A50B6C2D4A6E}.Release|Windows-x64.Build.0 = Release|Any CPU
		{847DF0CC-0D14-4C1E-987A-A50B6C2D4A6E}.Release|Windows-x86.ActiveCfg = Release|Any CPU
		{847DF0CC-0D14-4C1E-987A-A50B6C2D4A6E}.Release|Windows-x86.Build.0 = Release|Any CPU
		{7BD27070-18A9-460E-8C2E-1B21D198D7AE}.Debug|Android.ActiveCfg = Debug|Any CPU
		{7BD27070-18A9-460E-8C2E-1B21D198D7AE}.Debug|Android.Build.0 = Debug|Any CPU
		{7BD27070-18A9-460E-8C2E-1B21D198D7AE}.Debug|Any CPU.ActiveCfg = Debug|Any CPU
		{7BD27070-18A9-460E-8C2E-1B21D198D7AE}.Debug|Any CPU.Build.0 = Debug|Any CPU
		{7BD27070-18A9-460E-8C2E-1B21D198D7AE}.Debug|iOS.ActiveCfg = Debug|Any CPU
		{7BD27070-18A9-460E-8C2E-1B21D198D7AE}.Debug|iOS.Build.0 = Debug|Any CPU
		{7BD27070-18A9-460E-8C2E-1B21D198D7AE}.Debug|Windows Phone (Universal).ActiveCfg = Debug|Any CPU
		{7BD27070-18A9-460E-8C2E-1B21D198D7AE}.Debug|Windows Phone (Universal).Build.0 = Debug|Any CPU
		{7BD27070-18A9-460E-8C2E-1B21D198D7AE}.Debug|Windows Phone 8.ActiveCfg = Debug|Any CPU
		{7BD27070-18A9-460E-8C2E-1B21D198D7AE}.Debug|Windows Phone 8.Build.0 = Debug|Any CPU
		{7BD27070-18A9-460E-8C2E-1B21D198D7AE}.Debug|Windows-AnyCPU.ActiveCfg = Debug|Any CPU
		{7BD27070-18A9-460E-8C2E-1B21D198D7AE}.Debug|Windows-AnyCPU.Build.0 = Debug|Any CPU
		{7BD27070-18A9-460E-8C2E-1B21D198D7AE}.Debug|Windows-ARM.ActiveCfg = Debug|Any CPU
		{7BD27070-18A9-460E-8C2E-1B21D198D7AE}.Debug|Windows-ARM.Build.0 = Debug|Any CPU
		{7BD27070-18A9-460E-8C2E-1B21D198D7AE}.Debug|Windows-x64.ActiveCfg = Debug|Any CPU
		{7BD27070-18A9-460E-8C2E-1B21D198D7AE}.Debug|Windows-x64.Build.0 = Debug|Any CPU
		{7BD27070-18A9-460E-8C2E-1B21D198D7AE}.Debug|Windows-x86.ActiveCfg = Debug|Any CPU
		{7BD27070-18A9-460E-8C2E-1B21D198D7AE}.Debug|Windows-x86.Build.0 = Debug|Any CPU
		{7BD27070-18A9-460E-8C2E-1B21D198D7AE}.Release|Android.ActiveCfg = Release|Any CPU
		{7BD27070-18A9-460E-8C2E-1B21D198D7AE}.Release|Android.Build.0 = Release|Any CPU
		{7BD27070-18A9-460E-8C2E-1B21D198D7AE}.Release|Any CPU.ActiveCfg = Release|Any CPU
		{7BD27070-18A9-460E-8C2E-1B21D198D7AE}.Release|Any CPU.Build.0 = Release|Any CPU
		{7BD27070-18A9-460E-8C2E-1B21D198D7AE}.Release|iOS.ActiveCfg = Release|Any CPU
		{7BD27070-18A9-460E-8C2E-1B21D198D7AE}.Release|iOS.Build.0 = Release|Any CPU
		{7BD27070-18A9-460E-8C2E-1B21D198D7AE}.Release|Windows Phone (Universal).ActiveCfg = Release|Any CPU
		{7BD27070-18A9-460E-8C2E-1B21D198D7AE}.Release|Windows Phone (Universal).Build.0 = Release|Any CPU
		{7BD27070-18A9-460E-8C2E-1B21D198D7AE}.Release|Windows Phone 8.ActiveCfg = Release|Any CPU
		{7BD27070-18A9-460E-8C2E-1B21D198D7AE}.Release|Windows Phone 8.Build.0 = Release|Any CPU
		{7BD27070-18A9-460E-8C2E-1B21D198D7AE}.Release|Windows-AnyCPU.ActiveCfg = Release|Any CPU
		{7BD27070-18A9-460E-8C2E-1B21D198D7AE}.Release|Windows-AnyCPU.Build.0 = Release|Any CPU
		{7BD27070-18A9-460E-8C2E-1B21D198D7AE}.Release|Windows-ARM.ActiveCfg = Release|Any CPU
		{7BD27070-18A9-460E-8C2E-1B21D198D7AE}.Release|Windows-ARM.Build.0 = Release|Any CPU
		{7BD27070-18A9-460E-8C2E-1B21D198D7AE}.Release|Windows-x64.ActiveCfg = Release|Any CPU
		{7BD27070-18A9-460E-8C2E-1B21D198D7AE}.Release|Windows-x64.Build.0 = Release|Any CPU
		{7BD27070-18A9-460E-8C2E-1B21D198D7AE}.Release|Windows-x86.ActiveCfg = Release|Any CPU
		{7BD27070-18A9-460E-8C2E-1B21D198D7AE}.Release|Windows-x86.Build.0 = Release|Any CPU
		{909AFE77-D42C-43FC-A9E1-42E7D81C9870}.Debug|Android.ActiveCfg = Debug|Any CPU
		{909AFE77-D42C-43FC-A9E1-42E7D81C9870}.Debug|Android.Build.0 = Debug|Any CPU
		{909AFE77-D42C-43FC-A9E1-42E7D81C9870}.Debug|Any CPU.ActiveCfg = Debug|Any CPU
		{909AFE77-D42C-43FC-A9E1-42E7D81C9870}.Debug|Any CPU.Build.0 = Debug|Any CPU
		{909AFE77-D42C-43FC-A9E1-42E7D81C9870}.Debug|iOS.ActiveCfg = Debug|Any CPU
		{909AFE77-D42C-43FC-A9E1-42E7D81C9870}.Debug|iOS.Build.0 = Debug|Any CPU
		{909AFE77-D42C-43FC-A9E1-42E7D81C9870}.Debug|Windows Phone (Universal).ActiveCfg = Debug|Any CPU
		{909AFE77-D42C-43FC-A9E1-42E7D81C9870}.Debug|Windows Phone (Universal).Build.0 = Debug|Any CPU
		{909AFE77-D42C-43FC-A9E1-42E7D81C9870}.Debug|Windows Phone 8.ActiveCfg = Debug|Any CPU
		{909AFE77-D42C-43FC-A9E1-42E7D81C9870}.Debug|Windows Phone 8.Build.0 = Debug|Any CPU
		{909AFE77-D42C-43FC-A9E1-42E7D81C9870}.Debug|Windows-AnyCPU.ActiveCfg = Debug|Any CPU
		{909AFE77-D42C-43FC-A9E1-42E7D81C9870}.Debug|Windows-AnyCPU.Build.0 = Debug|Any CPU
		{909AFE77-D42C-43FC-A9E1-42E7D81C9870}.Debug|Windows-ARM.ActiveCfg = Debug|Any CPU
		{909AFE77-D42C-43FC-A9E1-42E7D81C9870}.Debug|Windows-ARM.Build.0 = Debug|Any CPU
		{909AFE77-D42C-43FC-A9E1-42E7D81C9870}.Debug|Windows-x64.ActiveCfg = Debug|Any CPU
		{909AFE77-D42C-43FC-A9E1-42E7D81C9870}.Debug|Windows-x64.Build.0 = Debug|Any CPU
		{909AFE77-D42C-43FC-A9E1-42E7D81C9870}.Debug|Windows-x86.ActiveCfg = Debug|Any CPU
		{909AFE77-D42C-43FC-A9E1-42E7D81C9870}.Debug|Windows-x86.Build.0 = Debug|Any CPU
		{909AFE77-D42C-43FC-A9E1-42E7D81C9870}.Release|Android.ActiveCfg = Release|Any CPU
		{909AFE77-D42C-43FC-A9E1-42E7D81C9870}.Release|Android.Build.0 = Release|Any CPU
		{909AFE77-D42C-43FC-A9E1-42E7D81C9870}.Release|Any CPU.ActiveCfg = Release|Any CPU
		{909AFE77-D42C-43FC-A9E1-42E7D81C9870}.Release|Any CPU.Build.0 = Release|Any CPU
		{909AFE77-D42C-43FC-A9E1-42E7D81C9870}.Release|iOS.ActiveCfg = Release|Any CPU
		{909AFE77-D42C-43FC-A9E1-42E7D81C9870}.Release|iOS.Build.0 = Release|Any CPU
		{909AFE77-D42C-43FC-A9E1-42E7D81C9870}.Release|Windows Phone (Universal).ActiveCfg = Release|Any CPU
		{909AFE77-D42C-43FC-A9E1-42E7D81C9870}.Release|Windows Phone (Universal).Build.0 = Release|Any CPU
		{909AFE77-D42C-43FC-A9E1-42E7D81C9870}.Release|Windows Phone 8.ActiveCfg = Release|Any CPU
		{909AFE77-D42C-43FC-A9E1-42E7D81C9870}.Release|Windows Phone 8.Build.0 = Release|Any CPU
		{909AFE77-D42C-43FC-A9E1-42E7D81C9870}.Release|Windows-AnyCPU.ActiveCfg = Release|Any CPU
		{909AFE77-D42C-43FC-A9E1-42E7D81C9870}.Release|Windows-AnyCPU.Build.0 = Release|Any CPU
		{909AFE77-D42C-43FC-A9E1-42E7D81C9870}.Release|Windows-ARM.ActiveCfg = Release|Any CPU
		{909AFE77-D42C-43FC-A9E1-42E7D81C9870}.Release|Windows-ARM.Build.0 = Release|Any CPU
		{909AFE77-D42C-43FC-A9E1-42E7D81C9870}.Release|Windows-x64.ActiveCfg = Release|Any CPU
		{909AFE77-D42C-43FC-A9E1-42E7D81C9870}.Release|Windows-x64.Build.0 = Release|Any CPU
		{909AFE77-D42C-43FC-A9E1-42E7D81C9870}.Release|Windows-x86.ActiveCfg = Release|Any CPU
		{909AFE77-D42C-43FC-A9E1-42E7D81C9870}.Release|Windows-x86.Build.0 = Release|Any CPU
		{8F409410-EDB1-4F1B-ADA8-8B4221873F12}.Debug|Android.ActiveCfg = Debug|Any CPU
		{8F409410-EDB1-4F1B-ADA8-8B4221873F12}.Debug|Android.Build.0 = Debug|Any CPU
		{8F409410-EDB1-4F1B-ADA8-8B4221873F12}.Debug|Any CPU.ActiveCfg = Debug|Any CPU
		{8F409410-EDB1-4F1B-ADA8-8B4221873F12}.Debug|Any CPU.Build.0 = Debug|Any CPU
		{8F409410-EDB1-4F1B-ADA8-8B4221873F12}.Debug|iOS.ActiveCfg = Debug|Any CPU
		{8F409410-EDB1-4F1B-ADA8-8B4221873F12}.Debug|iOS.Build.0 = Debug|Any CPU
		{8F409410-EDB1-4F1B-ADA8-8B4221873F12}.Debug|Windows Phone (Universal).ActiveCfg = Debug|Any CPU
		{8F409410-EDB1-4F1B-ADA8-8B4221873F12}.Debug|Windows Phone (Universal).Build.0 = Debug|Any CPU
		{8F409410-EDB1-4F1B-ADA8-8B4221873F12}.Debug|Windows Phone 8.ActiveCfg = Debug|Any CPU
		{8F409410-EDB1-4F1B-ADA8-8B4221873F12}.Debug|Windows Phone 8.Build.0 = Debug|Any CPU
		{8F409410-EDB1-4F1B-ADA8-8B4221873F12}.Debug|Windows-AnyCPU.ActiveCfg = Debug|Any CPU
		{8F409410-EDB1-4F1B-ADA8-8B4221873F12}.Debug|Windows-AnyCPU.Build.0 = Debug|Any CPU
		{8F409410-EDB1-4F1B-ADA8-8B4221873F12}.Debug|Windows-ARM.ActiveCfg = Debug|Any CPU
		{8F409410-EDB1-4F1B-ADA8-8B4221873F12}.Debug|Windows-ARM.Build.0 = Debug|Any CPU
		{8F409410-EDB1-4F1B-ADA8-8B4221873F12}.Debug|Windows-x64.ActiveCfg = Debug|Any CPU
		{8F409410-EDB1-4F1B-ADA8-8B4221873F12}.Debug|Windows-x64.Build.0 = Debug|Any CPU
		{8F409410-EDB1-4F1B-ADA8-8B4221873F12}.Debug|Windows-x86.ActiveCfg = Debug|Any CPU
		{8F409410-EDB1-4F1B-ADA8-8B4221873F12}.Debug|Windows-x86.Build.0 = Debug|Any CPU
		{8F409410-EDB1-4F1B-ADA8-8B4221873F12}.Release|Android.ActiveCfg = Release|Any CPU
		{8F409410-EDB1-4F1B-ADA8-8B4221873F12}.Release|Android.Build.0 = Release|Any CPU
		{8F409410-EDB1-4F1B-ADA8-8B4221873F12}.Release|Any CPU.ActiveCfg = Release|Any CPU
		{8F409410-EDB1-4F1B-ADA8-8B4221873F12}.Release|Any CPU.Build.0 = Release|Any CPU
		{8F409410-EDB1-4F1B-ADA8-8B4221873F12}.Release|iOS.ActiveCfg = Release|Any CPU
		{8F409410-EDB1-4F1B-ADA8-8B4221873F12}.Release|iOS.Build.0 = Release|Any CPU
		{8F409410-EDB1-4F1B-ADA8-8B4221873F12}.Release|Windows Phone (Universal).ActiveCfg = Release|Any CPU
		{8F409410-EDB1-4F1B-ADA8-8B4221873F12}.Release|Windows Phone (Universal).Build.0 = Release|Any CPU
		{8F409410-EDB1-4F1B-ADA8-8B4221873F12}.Release|Windows Phone 8.ActiveCfg = Release|Any CPU
		{8F409410-EDB1-4F1B-ADA8-8B4221873F12}.Release|Windows Phone 8.Build.0 = Release|Any CPU
		{8F409410-EDB1-4F1B-ADA8-8B4221873F12}.Release|Windows-AnyCPU.ActiveCfg = Release|Any CPU
		{8F409410-EDB1-4F1B-ADA8-8B4221873F12}.Release|Windows-AnyCPU.Build.0 = Release|Any CPU
		{8F409410-EDB1-4F1B-ADA8-8B4221873F12}.Release|Windows-ARM.ActiveCfg = Release|Any CPU
		{8F409410-EDB1-4F1B-ADA8-8B4221873F12}.Release|Windows-ARM.Build.0 = Release|Any CPU
		{8F409410-EDB1-4F1B-ADA8-8B4221873F12}.Release|Windows-x64.ActiveCfg = Release|Any CPU
		{8F409410-EDB1-4F1B-ADA8-8B4221873F12}.Release|Windows-x64.Build.0 = Release|Any CPU
		{8F409410-EDB1-4F1B-ADA8-8B4221873F12}.Release|Windows-x86.ActiveCfg = Release|Any CPU
		{8F409410-EDB1-4F1B-ADA8-8B4221873F12}.Release|Windows-x86.Build.0 = Release|Any CPU
		{4DAD7CF9-0A42-4F13-AC30-D10294B717D9}.Debug|Android.ActiveCfg = Debug|Any CPU
		{4DAD7CF9-0A42-4F13-AC30-D10294B717D9}.Debug|Android.Build.0 = Debug|Any CPU
		{4DAD7CF9-0A42-4F13-AC30-D10294B717D9}.Debug|Any CPU.ActiveCfg = Debug|Any CPU
		{4DAD7CF9-0A42-4F13-AC30-D10294B717D9}.Debug|Any CPU.Build.0 = Debug|Any CPU
		{4DAD7CF9-0A42-4F13-AC30-D10294B717D9}.Debug|iOS.ActiveCfg = Debug|Any CPU
		{4DAD7CF9-0A42-4F13-AC30-D10294B717D9}.Debug|iOS.Build.0 = Debug|Any CPU
		{4DAD7CF9-0A42-4F13-AC30-D10294B717D9}.Debug|Windows Phone (Universal).ActiveCfg = Debug|Any CPU
		{4DAD7CF9-0A42-4F13-AC30-D10294B717D9}.Debug|Windows Phone (Universal).Build.0 = Debug|Any CPU
		{4DAD7CF9-0A42-4F13-AC30-D10294B717D9}.Debug|Windows Phone 8.ActiveCfg = Debug|Any CPU
		{4DAD7CF9-0A42-4F13-AC30-D10294B717D9}.Debug|Windows Phone 8.Build.0 = Debug|Any CPU
		{4DAD7CF9-0A42-4F13-AC30-D10294B717D9}.Debug|Windows-AnyCPU.ActiveCfg = Debug|Any CPU
		{4DAD7CF9-0A42-4F13-AC30-D10294B717D9}.Debug|Windows-AnyCPU.Build.0 = Debug|Any CPU
		{4DAD7CF9-0A42-4F13-AC30-D10294B717D9}.Debug|Windows-ARM.ActiveCfg = Debug|Any CPU
		{4DAD7CF9-0A42-4F13-AC30-D10294B717D9}.Debug|Windows-ARM.Build.0 = Debug|Any CPU
		{4DAD7CF9-0A42-4F13-AC30-D10294B717D9}.Debug|Windows-x64.ActiveCfg = Debug|Any CPU
		{4DAD7CF9-0A42-4F13-AC30-D10294B717D9}.Debug|Windows-x64.Build.0 = Debug|Any CPU
		{4DAD7CF9-0A42-4F13-AC30-D10294B717D9}.Debug|Windows-x86.ActiveCfg = Debug|Any CPU
		{4DAD7CF9-0A42-4F13-AC30-D10294B717D9}.Debug|Windows-x86.Build.0 = Debug|Any CPU
		{4DAD7CF9-0A42-4F13-AC30-D10294B717D9}.Release|Android.ActiveCfg = Release|Any CPU
		{4DAD7CF9-0A42-4F13-AC30-D10294B717D9}.Release|Android.Build.0 = Release|Any CPU
		{4DAD7CF9-0A42-4F13-AC30-D10294B717D9}.Release|Any CPU.ActiveCfg = Release|Any CPU
		{4DAD7CF9-0A42-4F13-AC30-D10294B717D9}.Release|Any CPU.Build.0 = Release|Any CPU
		{4DAD7CF9-0A42-4F13-AC30-D10294B717D9}.Release|iOS.ActiveCfg = Release|Any CPU
		{4DAD7CF9-0A42-4F13-AC30-D10294B717D9}.Release|iOS.Build.0 = Release|Any CPU
		{4DAD7CF9-0A42-4F13-AC30-D10294B717D9}.Release|Windows Phone (Universal).ActiveCfg = Release|Any CPU
		{4DAD7CF9-0A42-4F13-AC30-D10294B717D9}.Release|Windows Phone (Universal).Build.0 = Release|Any CPU
		{4DAD7CF9-0A42-4F13-AC30-D10294B717D9}.Release|Windows Phone 8.ActiveCfg = Release|Any CPU
		{4DAD7CF9-0A42-4F13-AC30-D10294B717D9}.Release|Windows Phone 8.Build.0 = Release|Any CPU
		{4DAD7CF9-0A42-4F13-AC30-D10294B717D9}.Release|Windows-AnyCPU.ActiveCfg = Release|Any CPU
		{4DAD7CF9-0A42-4F13-AC30-D10294B717D9}.Release|Windows-AnyCPU.Build.0 = Release|Any CPU
		{4DAD7CF9-0A42-4F13-AC30-D10294B717D9}.Release|Windows-ARM.ActiveCfg = Release|Any CPU
		{4DAD7CF9-0A42-4F13-AC30-D10294B717D9}.Release|Windows-ARM.Build.0 = Release|Any CPU
		{4DAD7CF9-0A42-4F13-AC30-D10294B717D9}.Release|Windows-x64.ActiveCfg = Release|Any CPU
		{4DAD7CF9-0A42-4F13-AC30-D10294B717D9}.Release|Windows-x64.Build.0 = Release|Any CPU
		{4DAD7CF9-0A42-4F13-AC30-D10294B717D9}.Release|Windows-x86.ActiveCfg = Release|Any CPU
		{4DAD7CF9-0A42-4F13-AC30-D10294B717D9}.Release|Windows-x86.Build.0 = Release|Any CPU
	EndGlobalSection
	GlobalSection(SolutionProperties) = preSolution
		HideSolutionNode = FALSE
	EndGlobalSection
	GlobalSection(NestedProjects) = preSolution
		{94F8A89A-1C8D-4D5D-9843-975D34B94985} = {A76FC6BD-87BF-409F-9E08-E76F0E9E7919}
		{7E471457-4E96-4B47-AB60-0DD532F1104A} = {A76FC6BD-87BF-409F-9E08-E76F0E9E7919}
		{4850E895-AC8A-431F-B486-19B9AC4D97BF} = {A76FC6BD-87BF-409F-9E08-E76F0E9E7919}
		{CF28E0B2-69E5-4094-8C35-24E539E744E9} = {594A3540-2A97-4D16-9146-09AB60706B0A}
		{C11EDCF3-5114-4340-A9DD-B4CB25EE5953} = {5BC9576F-7FA5-4DB2-BF63-B2A2C19AE780}
		{8CA3C4FC-C208-46DA-860D-5E62B71EBBD9} = {5BC9576F-7FA5-4DB2-BF63-B2A2C19AE780}
		{847DF0CC-0D14-4C1E-987A-A50B6C2D4A6E} = {594A3540-2A97-4D16-9146-09AB60706B0A}
		{7BD27070-18A9-460E-8C2E-1B21D198D7AE} = {594A3540-2A97-4D16-9146-09AB60706B0A}
		{909AFE77-D42C-43FC-A9E1-42E7D81C9870} = {5BC9576F-7FA5-4DB2-BF63-B2A2C19AE780}
		{8F409410-EDB1-4F1B-ADA8-8B4221873F12} = {5BC9576F-7FA5-4DB2-BF63-B2A2C19AE780}
		{4DAD7CF9-0A42-4F13-AC30-D10294B717D9} = {5BC9576F-7FA5-4DB2-BF63-B2A2C19AE780}
	EndGlobalSection
	GlobalSection(TeamFoundationVersionControl) = preSolution
		SccNumberOfProjects = 9
		SccEnterpriseProvider = {4CA58AB2-18FA-4F8D-95D4-32DDF27D184C}
		SccTeamFoundationServer = https://smartsoft001.visualstudio.com/
		SccLocalPath0 = .
		SccProjectUniqueName1 = XXX.Domain\\XXX.Domain.csproj
		SccProjectTopLevelParentUniqueName1 = XXX.sln
		SccProjectName1 = XXX.Domain
		SccLocalPath1 = XXX.Domain
		SccProjectUniqueName2 = XXX.Infrastructure.Security\\XXX.Infrastructure.Security.csproj
		SccProjectTopLevelParentUniqueName2 = XXX.sln
		SccProjectName2 = XXX.Infrastructure.Security
		SccLocalPath2 = XXX.Infrastructure.Security
		SccProjectUniqueName3 = XXX.Infrastructure.Diagnostics\\XXX.Infrastructure.Diagnostics.csproj
		SccProjectTopLevelParentUniqueName3 = XXX.sln
		SccProjectName3 = XXX.Infrastructure.Diagnostics
		SccLocalPath3 = XXX.Infrastructure.Diagnostics
		SccProjectUniqueName4 = XXX.Infrastucture.DataAccess\\XXX.Infrastructure.DataAccess.csproj
		SccProjectTopLevelParentUniqueName4 = XXX.sln
		SccProjectName4 = XXX.Infrastucture.DataAccess
		SccLocalPath4 = XXX.Infrastucture.DataAccess
		SccProjectUniqueName5 = XXX.Repositories\\XXX.Repositories.csproj
		SccProjectTopLevelParentUniqueName5 = XXX.sln
		SccProjectName5 = XXX.Repositories
		SccLocalPath5 = XXX.Repositories
		SccProjectUniqueName6 = XXX.Providers\\XXX.Providers.csproj
		SccProjectTopLevelParentUniqueName6 = XXX.sln
		SccProjectName6 = XXX.Providers
		SccLocalPath6 = XXX.Providers
		SccProjectUniqueName7 = XXX.Models\\XXX.Models.csproj
		SccProjectTopLevelParentUniqueName7 = XXX.sln
		SccProjectName7 = XXX.Models
		SccLocalPath7 = XXX.Models
		SccProjectUniqueName8 = XXX.Factories\\XXX.Factories.csproj
		SccProjectTopLevelParentUniqueName8 = XXX.sln
		SccProjectName8 = XXX.Factories
		SccLocalPath8 = XXX.Factories
	EndGlobalSection
EndGlobal
